
Microsoft Visual Studio Solution File, Format Version 12.00
# Visual Studio 15
VisualStudioVersion = 15.0.27130.2027
MinimumVisualStudioVersion = 10.0.40219.1
Project("{FAE04EC0-301F-11D3-BF4B-00C04F79EFBC}") = "EventMakerAssigment", "EventMakerAssigment\EventMakerAssigment.csproj", "{915D260B-9824-4CFF-B01B-55360048C597}"
EndProject
Project("{FAE04EC0-301F-11D3-BF4B-00C04F79EFBC}") = "EventMakerUnitTest", "EventMakerUnitTest\EventMakerUnitTest.csproj", "{29069F3A-9904-4DCD-8BD9-3561D12A1995}"
EndProject
Global
	GlobalSection(SolutionConfigurationPlatforms) = preSolution
		Debug|ARM = Debug|ARM
		Debug|x64 = Debug|x64
		Debug|x86 = Debug|x86
		Release|ARM = Release|ARM
		Release|x64 = Release|x64
		Release|x86 = Release|x86
	EndGlobalSection
	GlobalSection(ProjectConfigurationPlatforms) = postSolution
		{915D260B-9824-4CFF-B01B-55360048C597}.Debug|ARM.ActiveCfg = Debug|ARM
		{915D260B-9824-4CFF-B01B-55360048C597}.Debug|ARM.Build.0 = Debug|ARM
		{915D260B-9824-4CFF-B01B-55360048C597}.Debug|ARM.Deploy.0 = Debug|ARM
		{915D260B-9824-4CFF-B01B-55360048C597}.Debug|x64.ActiveCfg = Debug|x64
		{915D260B-9824-4CFF-B01B-55360048C597}.Debug|x64.Build.0 = Debug|x64
		{915D260B-9824-4CFF-B01B-55360048C597}.Debug|x64.Deploy.0 = Debug|x64
		{915D260B-9824-4CFF-B01B-55360048C597}.Debug|x86.ActiveCfg = Debug|x86
		{915D260B-9824-4CFF-B01B-55360048C597}.Debug|x86.Build.0 = Debug|x86
		{915D260B-9824-4CFF-B01B-55360048C597}.Debug|x86.Deploy.0 = Debug|x86
		{915D260B-9824-4CFF-B01B-55360048C597}.Release|ARM.ActiveCfg = Release|ARM
		{915D260B-9824-4CFF-B01B-55360048C597}.Release|ARM.Build.0 = Release|ARM
		{915D260B-9824-4CFF-B01B-55360048C597}.Release|ARM.Deploy.0 = Release|ARM
		{915D260B-9824-4CFF-B01B-55360048C597}.Release|x64.ActiveCfg = Release|x64
		{915D260B-9824-4CFF-B01B-55360048C597}.Release|x64.Build.0 = Release|x64
		{915D260B-9824-4CFF-B01B-55360048C597}.Release|x64.Deploy.0 = Release|x64
		{915D260B-9824-4CFF-B01B-55360048C597}.Release|x86.ActiveCfg = Release|x86
		{915D260B-9824-4CFF-B01B-55360048C597}.Release|x86.Build.0 = Release|x86
		{915D260B-9824-4CFF-B01B-55360048C597}.Release|x86.Deploy.0 = Release|x86
		{29069F3A-9904-4DCD-8BD9-3561D12A1995}.Debug|ARM.ActiveCfg = Debug|ARM
		{29069F3A-9904-4DCD-8BD9-3561D12A1995}.Debug|ARM.Build.0 = Debug|ARM
		{29069F3A-9904-4DCD-8BD9-3561D12A1995}.Debug|ARM.Deploy.0 = Debug|ARM
		{29069F3A-9904-4DCD-8BD9-3561D12A1995}.Debug|x64.ActiveCfg = Debug|x64
		{29069F3A-9904-4DCD-8BD9-3561D12A1995}.Debug|x64.Build.0 = Debug|x64
		{29069F3A-9904-4DCD-8BD9-3561D12A1995}.Debug|x64.Deploy.0 = Debug|x64
		{29069F3A-9904-4DCD-8BD9-3561D12A1995}.Debug|x86.ActiveCfg = Debug|x86
		{29069F3A-9904-4DCD-8BD9-3561D12A1995}.Debug|x86.Build.0 = Debug|x86
		{29069F3A-9904-4DCD-8BD9-3561D12A1995}.Debug|x86.Deploy.0 = Debug|x86
		{29069F3A-9904-4DCD-8BD9-3561D12A1995}.Release|ARM.ActiveCfg = Release|ARM
		{29069F3A-9904-4DCD-8BD9-3561D12A1995}.Release|ARM.Build.0 = Release|ARM
		{29069F3A-9904-4DCD-8BD9-3561D12A1995}.Release|ARM.Deploy.0 = Release|ARM
		{29069F3A-9904-4DCD-8BD9-3561D12A1995}.Release|x64.ActiveCfg = Release|x64
		{29069F3A-9904-4DCD-8BD9-3561D12A1995}.Release|x64.Build.0 = Release|x64
		{29069F3A-9904-4DCD-8BD9-3561D12A1995}.Release|x64.Deploy.0 = Release|x64
		{29069F3A-9904-4DCD-8BD9-3561D12A1995}.Release|x86.ActiveCfg = Release|x86
		{29069F3A-9904-4DCD-8BD9-3561D12A1995}.Release|x86.Build.0 = Release|x86
		{29069F3A-9904-4DCD-8BD9-3561D12A1995}.Release|x86.Deploy.0 = Release|x86
	EndGlobalSection
	GlobalSection(SolutionProperties) = preSolution
		HideSolutionNode = FALSE
	EndGlobalSection
	GlobalSection(ExtensibilityGlobals) = postSolution
		SolutionGuid = {8AF5CD76-6F16-4D74-801B-6995A45F623E}
	EndGlobalSection
EndGlobal
